
Microsoft Visual Studio Solution File, Format Version 12.00
# Visual Studio 15
VisualStudioVersion = 15.0.28010.2046
MinimumVisualStudioVersion = 10.0.40219.1
Project("{FAE04EC0-301F-11D3-BF4B-00C04F79EFBC}") = "poexp", "poexp\poexp.csproj", "{CFDF13AE-FE2B-481B-BFD0-172916196052}"
EndProject
Global
	GlobalSection(SolutionConfigurationPlatforms) = preSolution
		Debug|Any CPU = Debug|Any CPU
		Release|Any CPU = Release|Any CPU
	EndGlobalSection
	GlobalSection(ProjectConfigurationPlatforms) = postSolution
		{CFDF13AE-FE2B-481B-BFD0-172916196052}.Debug|Any CPU.ActiveCfg = Debug|Any CPU
		{CFDF13AE-FE2B-481B-BFD0-172916196052}.Debug|Any CPU.Build.0 = Debug|Any CPU
		{CFDF13AE-FE2B-481B-BFD0-172916196052}.Release|Any CPU.ActiveCfg = Release|Any CPU
		{CFDF13AE-FE2B-481B-BFD0-172916196052}.Release|Any CPU.Build.0 = Release|Any CPU
	EndGlobalSection
	GlobalSection(SolutionProperties) = preSolution
		HideSolutionNode = FALSE
	EndGlobalSection
	GlobalSection(ExtensibilityGlobals) = postSolution
		SolutionGuid = {53E860FE-219A-4191-A030-A4AD65C3F8B3}
	EndGlobalSection
EndGlobal
